
Microsoft Visual Studio Solution File, Format Version 12.00
# Visual Studio Version 16
VisualStudioVersion = 16.0.31911.196
MinimumVisualStudioVersion = 10.0.40219.1
Project("{FAE04EC0-301F-11D3-BF4B-00C04F79EFBC}") = "BankSystem", "BankSystem.csproj", "{A74550B4-E37C-4620-90C6-30A049A2A136}"
EndProject
Global
	GlobalSection(SolutionConfigurationPlatforms) = preSolution
		Debug|Any CPU = Debug|Any CPU
		Release|Any CPU = Release|Any CPU
	EndGlobalSection
	GlobalSection(ProjectConfigurationPlatforms) = postSolution
		{A74550B4-E37C-4620-90C6-30A049A2A136}.Debug|Any CPU.ActiveCfg = Debug|Any CPU
		{A74550B4-E37C-4620-90C6-30A049A2A136}.Debug|Any CPU.Build.0 = Debug|Any CPU
		{A74550B4-E37C-4620-90C6-30A049A2A136}.Release|Any CPU.ActiveCfg = Release|Any CPU
		{A74550B4-E37C-4620-90C6-30A049A2A136}.Release|Any CPU.Build.0 = Release|Any CPU
	EndGlobalSection
	GlobalSection(SolutionProperties) = preSolution
		HideSolutionNode = FALSE
	EndGlobalSection
	GlobalSection(ExtensibilityGlobals) = postSolution
		SolutionGuid = {7B0D5F91-1B49-419A-B362-10CC7774C690}
	EndGlobalSection
EndGlobal
